{
  "R": {
    "Version": "4.1.1",
    "Repositories": [
      {
        "Name": "CRAN",
        "URL": "https://cloud.r-project.org"
      },
      {
        "Name": "BioCsoft",
        "URL": "https://bioconductor.org/packages/3.13/bioc"
      },
      {
        "Name": "BioCann",
        "URL": "https://bioconductor.org/packages/3.13/data/annotation"
      },
      {
        "Name": "BioCexp",
        "URL": "https://bioconductor.org/packages/3.13/data/experiment"
      },
      {
        "Name": "CRANextra",
        "URL": "https://www.stats.ox.ac.uk/pub/RWin"
      },
      {
        "Name": "R-Forge",
        "URL": "https://R-Forge.R-project.org"
      },
      {
        "Name": "BioCsoft1",
        "URL": "https://bioconductor.org/packages/3.11/bioc"
      }
    ]
  },
  "Bioconductor": {
    "Version": "3.13"
  },
  "Packages": {
    "ALL": {
      "Package": "ALL",
      "Version": "1.34.0",
      "Source": "Bioconductor",
      "Hash": "ee0016491e34a6d5386d00782b7b214b"
    },
    "AnnotationDbi": {
      "Package": "AnnotationDbi",
      "Version": "1.54.1",
      "Source": "Bioconductor",
      "Hash": "5c5813b294bf80a7664ffbaea0e719ba"
    },
    "BH": {
      "Package": "BH",
      "Version": "1.75.0-0",
      "Source": "Repository",
      "Repository": "CRAN",
      "Hash": "e4c04affc2cac20c8fec18385cd14691"
    },
    "Biobase": {
      "Package": "Biobase",
      "Version": "2.52.0",
      "Source": "Bioconductor",
      "Hash": "416e5025920f5c337ca9d67954332d2c"
    },
    "BiocGenerics": {
      "Package": "BiocGenerics",
      "Version": "0.38.0",
      "Source": "Bioconductor",
      "Hash": "de5e346fed0fc44a0424a0531cf5d12d"
    },
    "BiocManager": {
      "Package": "BiocManager",
      "Version": "1.30.16",
      "Source": "Repository",
      "Repository": "CRAN",
      "Hash": "2fdca0877debdd4668190832cdee4c31"
    },
    "BiocParallel": {
      "Package": "BiocParallel",
      "Version": "1.26.2",
      "Source": "Bioconductor",
      "Hash": "f7ee4d59467a81acff395689e25f576b"
    },
    "BiocVersion": {
      "Package": "BiocVersion",
      "Version": "3.13.1",
      "Source": "Bioconductor",
      "Hash": "94abf4508341d86378c2a78d219b3fca"
    },
    "Biostrings": {
      "Package": "Biostrings",
      "Version": "2.60.2",
      "Source": "Bioconductor",
      "Hash": "99156112c2bb9dc64c0023ee579eb5d0"
    },
    "ConsensusClusterPlus": {
      "Package": "ConsensusClusterPlus",
      "Version": "1.56.0",
      "Source": "Bioconductor",
      "Hash": "6f8de325343a60f1583c9eb1e32271ac"
    },
    "CytoML": {
      "Package": "CytoML",
      "Version": "2.4.0",
      "Source": "Bioconductor",
      "Hash": "03e86edde47ce5681ff46e1ffb432eff"
    },
    "DBI": {
      "Package": "DBI",
      "Version": "1.1.1",
      "Source": "Repository",
      "Repository": "CRAN",
      "Hash": "030aaec5bc6553f35347cbb1e70b1a17"
    },
    "DEoptimR": {
      "Package": "DEoptimR",
      "Version": "1.0-9",
      "Source": "Repository",
      "Repository": "CRAN",
      "Hash": "feae038aefb289b48ea8254094f33732"
    },
    "DelayedArray": {
      "Package": "DelayedArray",
      "Version": "0.18.0",
      "Source": "Bioconductor",
      "Hash": "f90af4ffe50d94121884a63d732872b2"
    },
    "FNN": {
      "Package": "FNN",
      "Version": "1.1.3",
      "Source": "Repository",
      "Repository": "CRAN",
      "Hash": "b56998fff55e4a4b4860ad6e8c67e0f9"
    },
    "FlowSOM": {
      "Package": "FlowSOM",
      "Version": "2.0.0",
      "Source": "Bioconductor",
      "Hash": "4f4bfcf36cb70a64b9f4d695d4960701"
    },
    "GenomeInfoDb": {
      "Package": "GenomeInfoDb",
      "Version": "1.28.4",
      "Source": "Bioconductor",
      "Hash": "a714b774778a0c51a208a63ff5efb9b7"
    },
    "GenomeInfoDbData": {
      "Package": "GenomeInfoDbData",
      "Version": "1.2.6",
      "Source": "Bioconductor",
      "Hash": "64835ce2e680bc34bd1de009121663f8"
    },
    "GenomicRanges": {
      "Package": "GenomicRanges",
      "Version": "1.44.0",
      "Source": "Bioconductor",
      "Hash": "a2c2100168457acebeca6b365bb87bfc"
    },
    "IDPmisc": {
      "Package": "IDPmisc",
      "Version": "1.1.20",
      "Source": "Repository",
      "Repository": "CRAN",
      "Hash": "a295af998b430837400506b0ac1a9213"
    },
    "IRanges": {
      "Package": "IRanges",
      "Version": "2.26.0",
      "Source": "Bioconductor",
      "Hash": "7859b18fedba59e99467df40b42e3553"
    },
    "KEGGREST": {
      "Package": "KEGGREST",
      "Version": "1.32.0",
      "Source": "Bioconductor",
      "Hash": "343c1821f29a5061d66b2bdb4e87da35"
    },
    "KernSmooth": {
      "Package": "KernSmooth",
      "Version": "2.23-20",
      "Source": "Repository",
      "Repository": "CRAN",
      "Hash": "8dcfa99b14c296bc9f1fd64d52fd3ce7"
    },
    "MASS": {
      "Package": "MASS",
      "Version": "7.3-54",
      "Source": "Repository",
      "Repository": "CRAN",
      "Hash": "0e59129db205112e3963904db67fd0dc"
    },
    "Matrix": {
      "Package": "Matrix",
      "Version": "1.4-0",
      "Source": "Repository",
      "Repository": "R-Forge",
      "Hash": "130c0caba175739d98f2963c6a407cf6"
    },
    "MatrixGenerics": {
      "Package": "MatrixGenerics",
      "Version": "1.4.3",
      "Source": "Bioconductor",
      "Hash": "cd9223fc4688653e947f1e226a9e020d"
    },
    "MatrixModels": {
      "Package": "MatrixModels",
      "Version": "0.5-0",
      "Source": "Repository",
      "Repository": "CRAN",
      "Hash": "366a8838782928e398b8762c932a42a3"
    },
    "R.methodsS3": {
      "Package": "R.methodsS3",
      "Version": "1.8.1",
      "Source": "Repository",
      "Repository": "CRAN",
      "Hash": "4bf6453323755202d5909697b6f7c109"
    },
    "R.oo": {
      "Package": "R.oo",
      "Version": "1.24.0",
      "Source": "Repository",
      "Repository": "CRAN",
      "Hash": "5709328352717e2f0a9c012be8a97554"
    },
    "R.utils": {
      "Package": "R.utils",
      "Version": "2.10.1",
      "Source": "Repository",
      "Repository": "CRAN",
      "Hash": "a9e316277ff12a43997266f2f6567780"
    },
    "R6": {
      "Package": "R6",
      "Version": "2.5.1",
      "Source": "Repository",
      "Repository": "CRAN",
      "Hash": "470851b6d5d0ac559e9d01bb352b4021"
    },
    "RBGL": {
      "Package": "RBGL",
      "Version": "1.68.0",
      "Source": "Bioconductor",
      "Hash": "4eff306a2696d4b434f865a89f1a57d7"
    },
    "RColorBrewer": {
      "Package": "RColorBrewer",
      "Version": "1.1-2",
      "Source": "Repository",
      "Repository": "CRAN",
      "Hash": "e031418365a7f7a766181ab5a41a5716"
    },
    "RCurl": {
      "Package": "RCurl",
      "Version": "1.98-1.5",
      "Source": "Repository",
      "Repository": "CRAN",
      "Hash": "5cc50d9d40a284cb8b1c8604901acf89"
    },
    "RProtoBufLib": {
      "Package": "RProtoBufLib",
      "Version": "2.4.0",
      "Source": "Bioconductor",
      "Hash": "1a57a866ec6479efecb2076a9f61bf92"
    },
    "RSQLite": {
      "Package": "RSQLite",
      "Version": "2.2.8",
      "Source": "Repository",
      "Repository": "CRAN",
      "Hash": "1eab1dd4df2b76758fd8acab09a0e9b6"
    },
    "RSpectra": {
      "Package": "RSpectra",
      "Version": "0.16-0",
      "Source": "Repository",
      "Repository": "CRAN",
      "Hash": "a41329d24d5a98eaed2bd0159adb1b5f"
    },
    "RUnit": {
      "Package": "RUnit",
      "Version": "0.4.32",
      "Source": "Repository",
      "Repository": "CRAN",
      "Hash": "11af2a900964b790c6d775e0c9e8025f"
    },
    "Rcpp": {
      "Package": "Rcpp",
      "Version": "1.0.7",
      "Source": "Repository",
      "Repository": "CRAN",
      "Hash": "dab19adae4440ae55aa8a9d238b246bb"
    },
    "RcppAnnoy": {
      "Package": "RcppAnnoy",
      "Version": "0.0.19",
      "Source": "Repository",
      "Repository": "CRAN",
      "Hash": "5681153e3eb103725e35ac5f7ebca910"
    },
    "RcppArmadillo": {
      "Package": "RcppArmadillo",
      "Version": "0.10.6.0.0",
      "Source": "Repository",
      "Repository": "CRAN",
      "Hash": "d34bcef6e2df81ab2d44c7fbe8b4d3f0"
    },
    "RcppEigen": {
      "Package": "RcppEigen",
      "Version": "0.3.3.9.1",
      "Source": "Repository",
      "Repository": "CRAN",
      "Hash": "ddfa72a87fdf4c80466a20818be91d00"
    },
    "RcppParallel": {
      "Package": "RcppParallel",
      "Version": "5.1.4",
      "Source": "Repository",
      "Repository": "CRAN",
      "Hash": "0325b5be38a02d192828027983c7b470"
    },
    "RcppProgress": {
      "Package": "RcppProgress",
      "Version": "0.4.2",
      "Source": "Repository",
      "Repository": "CRAN",
      "Hash": "1c0aa18b97e6aaa17f93b8b866c0ace5"
    },
    "Rgraphviz": {
      "Package": "Rgraphviz",
      "Version": "2.36.0",
      "Source": "Bioconductor",
      "Hash": "60d2406f4304a63256c7bc2ce832520e"
    },
    "Rhdf5lib": {
      "Package": "Rhdf5lib",
      "Version": "1.14.2",
      "Source": "Bioconductor",
      "Hash": "fed81eaf6c659935f819419d791f4d2e"
    },
    "Rtsne": {
      "Package": "Rtsne",
      "Version": "0.15",
      "Source": "Repository",
      "Repository": "CRAN",
      "Hash": "f153432c4ca15b937ccfaa40f167c892"
    },
    "S4Vectors": {
      "Package": "S4Vectors",
      "Version": "0.30.0",
      "Source": "Bioconductor",
      "Hash": "a750488825efca8e08a30e8157821b9b"
    },
    "SingleCellExperiment": {
      "Package": "SingleCellExperiment",
      "Version": "1.14.1",
      "Source": "Bioconductor",
      "Hash": "9c8ebd33b820f5f1a0c09e9d4e722820"
    },
    "SparseM": {
      "Package": "SparseM",
      "Version": "1.81",
      "Source": "Repository",
      "Repository": "CRAN",
      "Hash": "2042cd9759cc89a453c4aefef0ce9aae"
    },
    "SummarizedExperiment": {
      "Package": "SummarizedExperiment",
      "Version": "1.22.0",
      "Source": "Bioconductor",
      "Hash": "74391cb9cefb4bcdffc38778fea7ecf3"
    },
    "XML": {
      "Package": "XML",
      "Version": "3.99-0.8",
      "Source": "Repository",
      "Repository": "CRAN",
      "Hash": "d493b952a9073c62f72392a673d7c548"
    },
    "XVector": {
      "Package": "XVector",
      "Version": "0.32.0",
      "Source": "Bioconductor",
      "Hash": "0d2db71f7183fe0de9a7058de3d3cd15"
    },
    "abind": {
      "Package": "abind",
      "Version": "1.4-7",
      "Source": "Repository",
      "Repository": "R-Forge",
      "Hash": "d7d50df67bc0fffbc6b4c3a13d1d01f3"
    },
    "annotate": {
      "Package": "annotate",
      "Version": "1.70.0",
      "Source": "Bioconductor",
      "Hash": "ab6a87e511197d27c01d2b5f72df0618"
    },
    "ash": {
      "Package": "ash",
      "Version": "1.0-15",
      "Source": "Repository",
      "Repository": "CRAN",
      "Hash": "e16751c399be6260ddf41f8148a3f8ef"
    },
    "askpass": {
      "Package": "askpass",
      "Version": "1.1",
      "Source": "Repository",
      "Repository": "CRAN",
      "Hash": "e8a22846fff485f0be3770c2da758713"
    },
    "aws.s3": {
      "Package": "aws.s3",
      "Version": "0.3.21",
      "Source": "Repository",
      "Repository": "CRAN",
      "Hash": "a0b873f71741bba67e3bc128d8f09fe3"
    },
    "aws.signature": {
      "Package": "aws.signature",
      "Version": "0.6.0",
      "Source": "Repository",
      "Repository": "CRAN",
      "Hash": "0006bcef272aad12f78dd5a85fc7f4fc"
    },
    "backports": {
      "Package": "backports",
      "Version": "1.2.1",
      "Source": "Repository",
      "Repository": "CRAN",
      "Hash": "644043219fc24e190c2f620c1a380a69"
    },
    "base64enc": {
      "Package": "base64enc",
      "Version": "0.1-3",
      "Source": "Repository",
      "Repository": "CRAN",
      "Hash": "543776ae6848fde2f48ff3816d0628bc"
    },
    "bit": {
      "Package": "bit",
      "Version": "4.0.4",
      "Source": "Repository",
      "Repository": "CRAN",
      "Hash": "f36715f14d94678eea9933af927bc15d"
    },
    "bit64": {
      "Package": "bit64",
      "Version": "4.0.5",
      "Source": "Repository",
      "Repository": "CRAN",
      "Hash": "9fe98599ca456d6552421db0d6772d8f"
    },
    "bitops": {
      "Package": "bitops",
      "Version": "1.0-7",
      "Source": "Repository",
      "Repository": "CRAN",
      "Hash": "b7d8d8ee39869c18d8846a184dd8a1af"
    },
    "blob": {
      "Package": "blob",
      "Version": "1.2.2",
      "Source": "Repository",
      "Repository": "CRAN",
      "Hash": "dc5f7a6598bb025d20d66bb758f12879"
    },
    "boot": {
      "Package": "boot",
      "Version": "1.3-28",
      "Source": "Repository",
      "Repository": "CRAN",
      "Hash": "0baa960e3b49c6176a4f42addcbacc59"
    },
    "brio": {
      "Package": "brio",
      "Version": "1.1.2",
      "Source": "Repository",
      "Repository": "CRAN",
      "Hash": "2f01e16ff9571fe70381c7b9ae560dc4"
    },
    "broom": {
      "Package": "broom",
      "Version": "0.7.9",
      "Source": "Repository",
      "Repository": "CRAN",
      "Hash": "9b1e2c1f75b349e3ffa7e9c69eec0c52"
    },
    "cachem": {
      "Package": "cachem",
      "Version": "1.0.6",
      "Source": "Repository",
      "Repository": "CRAN",
      "Hash": "648c5b3d71e6a37e3043617489a0a0e9"
    },
    "callr": {
      "Package": "callr",
      "Version": "3.7.0",
      "Source": "Repository",
      "Repository": "CRAN",
      "Hash": "461aa75a11ce2400245190ef5d3995df"
    },
    "car": {
      "Package": "car",
      "Version": "3.0-12",
      "Source": "Repository",
      "Repository": "R-Forge",
      "Hash": "797270f4bfce241d04dfbd66f5c2c468"
    },
    "carData": {
      "Package": "carData",
      "Version": "3.0-4",
      "Source": "Repository",
      "Repository": "CRAN",
      "Hash": "7ff5c94cec207b3fd9774cfaa5157738"
    },
    "cellranger": {
      "Package": "cellranger",
      "Version": "1.1.0",
      "Source": "Repository",
      "Repository": "CRAN",
      "Hash": "f61dbaec772ccd2e17705c1e872e9e7c"
    },
    "cli": {
      "Package": "cli",
      "Version": "3.0.1",
      "Source": "Repository",
      "Repository": "CRAN",
      "Hash": "e3ae5d68dea0c55a12ea12a9fda02e61"
    },
    "clipr": {
      "Package": "clipr",
      "Version": "0.7.1",
      "Source": "Repository",
      "Repository": "CRAN",
      "Hash": "ebaa97ac99cc2daf04e77eecc7b781d7"
    },
    "clue": {
      "Package": "clue",
      "Version": "0.3-59",
      "Source": "Repository",
      "Repository": "CRAN",
      "Hash": "8ee8f6a7c92de95407c0e770b20ea41e"
    },
    "cluster": {
      "Package": "cluster",
      "Version": "2.1.2",
      "Source": "Repository",
      "Repository": "CRAN",
      "Hash": "ce49bfe5bc0b3ecd43a01fe1b01c2243"
    },
    "colorRamps": {
      "Package": "colorRamps",
      "Version": "2.3",
      "Source": "Repository",
      "Repository": "CRAN",
      "Hash": "c370deb506aefb49528f085124fbb825"
    },
    "colorspace": {
      "Package": "colorspace",
      "Version": "2.0-2",
      "Source": "Repository",
      "Repository": "CRAN",
      "Hash": "6baccb763ee83c0bd313460fdb8b8a84"
    },
    "conquer": {
      "Package": "conquer",
      "Version": "1.0.2",
      "Source": "Repository",
      "Repository": "CRAN",
      "Hash": "a31720f692920e635ecef0481d478247"
    },
    "corpcor": {
      "Package": "corpcor",
      "Version": "1.6.10",
      "Source": "Repository",
      "Repository": "CRAN",
      "Hash": "17ebe3b6d75d09c5bab3891880b34237"
    },
    "corrplot": {
      "Package": "corrplot",
      "Version": "0.90",
      "Source": "Repository",
      "Repository": "CRAN",
      "Hash": "0514bd6a3e99a2a17145c97c1cfebb09"
    },
    "cowplot": {
      "Package": "cowplot",
      "Version": "1.1.1",
      "Source": "Repository",
      "Repository": "CRAN",
      "Hash": "b418e8423699d11c7f2087c2bfd07da2"
    },
    "cpp11": {
      "Package": "cpp11",
      "Version": "0.4.0",
      "Source": "Repository",
      "Repository": "CRAN",
      "Hash": "40ba3fd26c8f61d8d14d334bc7761df9"
    },
    "crayon": {
      "Package": "crayon",
      "Version": "1.4.1",
      "Source": "Repository",
      "Repository": "CRAN",
      "Hash": "e75525c55c70e5f4f78c9960a4b402e9"
    },
    "curl": {
      "Package": "curl",
      "Version": "4.3.2",
      "Source": "Repository",
      "Repository": "CRAN",
      "Hash": "022c42d49c28e95d69ca60446dbabf88"
    },
    "cytolib": {
      "Package": "cytolib",
      "Version": "2.4.0",
      "Source": "Bioconductor",
      "Hash": "23b93d9e1db43339d67334bbf6afcddb"
    },
    "data.table": {
      "Package": "data.table",
      "Version": "1.14.0",
      "Source": "Repository",
      "Repository": "CRAN",
      "Hash": "d1b8b1a821ee564a3515fa6c6d5c52dc"
    },
    "desc": {
      "Package": "desc",
      "Version": "1.3.0",
      "Source": "Repository",
      "Repository": "CRAN",
      "Hash": "b6963166f7f10b970af1006c462ce6cd"
    },
    "diffobj": {
      "Package": "diffobj",
      "Version": "0.3.4",
      "Source": "Repository",
      "Repository": "CRAN",
      "Hash": "feb5b7455eba422a2c110bb89852e6a3"
    },
    "digest": {
      "Package": "digest",
      "Version": "0.6.28",
      "Source": "Repository",
      "Repository": "CRAN",
      "Hash": "49b5c6e230bfec487b8917d5a0c77cca"
    },
    "dplyr": {
      "Package": "dplyr",
      "Version": "1.0.7",
      "Source": "Repository",
      "Repository": "CRAN",
      "Hash": "36f1ae62f026c8ba9f9b5c9a08c03297"
    },
    "dqrng": {
      "Package": "dqrng",
      "Version": "0.3.0",
      "Source": "Repository",
      "Repository": "CRAN",
      "Hash": "3ce2af5ead3b01c518fd453c7fe5a51a"
    },
    "edgeR": {
      "Package": "edgeR",
      "Version": "3.34.1",
      "Source": "Bioconductor",
      "Hash": "214e5bccb0d2bf3d7e724dc7073d2113"
    },
    "ellipse": {
      "Package": "ellipse",
      "Version": "0.4.2",
      "Source": "Repository",
      "Repository": "CRAN",
      "Hash": "bfa61f1a00c0d30b86bf13d35748e24c"
    },
    "ellipsis": {
      "Package": "ellipsis",
      "Version": "0.3.2",
      "Source": "Repository",
      "Repository": "CRAN",
      "Hash": "bb0eec2fe32e88d9e2836c2f73ea2077"
    },
    "emdist": {
      "Package": "emdist",
      "Version": "0.3-1",
      "Source": "Repository",
      "Repository": "CRAN",
      "Hash": "c89db634df83e6e84e722ec3361540e1"
    },
    "evaluate": {
      "Package": "evaluate",
      "Version": "0.14",
      "Source": "Repository",
      "Repository": "CRAN",
      "Hash": "ec8ca05cffcc70569eaaad8469d2a3a7"
    },
    "fansi": {
      "Package": "fansi",
      "Version": "0.5.0",
      "Source": "Repository",
      "Repository": "CRAN",
      "Hash": "d447b40982c576a72b779f0a3b3da227"
    },
    "farver": {
      "Package": "farver",
      "Version": "2.1.0",
      "Source": "Repository",
      "Repository": "CRAN",
      "Hash": "c98eb5133d9cb9e1622b8691487f11bb"
    },
    "fastmap": {
      "Package": "fastmap",
      "Version": "1.1.0",
      "Source": "Repository",
      "Repository": "CRAN",
      "Hash": "77bd60a6157420d4ffa93b27cf6a58b8"
    },
    "fda": {
      "Package": "fda",
      "Version": "5.1.9",
      "Source": "Repository",
      "Repository": "CRAN",
      "Hash": "c3b0eaafd5174611bb02a5f3ff646ce4"
    },
    "fds": {
      "Package": "fds",
      "Version": "1.8",
      "Source": "Repository",
      "Repository": "CRAN",
      "Hash": "8bf20c39b7dc84e336a78d70891254e9"
    },
    "flowClust": {
      "Package": "flowClust",
      "Version": "3.30.0",
      "Source": "Bioconductor",
      "Hash": "bc95b7865e797b036448e753dce0e726"
    },
    "flowCore": {
      "Package": "flowCore",
      "Version": "2.4.0",
      "Source": "Bioconductor",
      "Hash": "4b2edcfd65f480ccf1cd47f670614c4b"
    },
    "flowStats": {
      "Package": "flowStats",
      "Version": "4.4.0",
      "Source": "Bioconductor",
      "Hash": "211d472ff9848199e6a1600db8b7471b"
    },
    "flowViz": {
      "Package": "flowViz",
      "Version": "1.56.0",
      "Source": "Bioconductor",
      "Hash": "abcfe4e80131b3e6019c323e109649cb"
    },
    "flowWorkspace": {
      "Package": "flowWorkspace",
      "Version": "4.4.0",
      "Source": "Bioconductor",
      "Hash": "4200161492d2940ac3a2115747807cb5"
    },
    "forcats": {
      "Package": "forcats",
      "Version": "0.5.1",
      "Source": "Repository",
      "Repository": "CRAN",
      "Hash": "81c3244cab67468aac4c60550832655d"
    },
    "foreign": {
      "Package": "foreign",
      "Version": "0.8-81",
      "Source": "Repository",
      "Repository": "CRAN",
      "Hash": "74628ea7a3be5ee8a7b5bb0a8e84882e"
    },
    "formatR": {
      "Package": "formatR",
      "Version": "1.11",
      "Source": "Repository",
      "Repository": "CRAN",
      "Hash": "2590a6a868515a69f258640a51b724c9"
    },
    "futile.logger": {
      "Package": "futile.logger",
      "Version": "1.4.3",
      "Source": "Repository",
      "Repository": "CRAN",
      "Hash": "99f0ace8c05ec7d3683d27083c4f1e7e"
    },
    "futile.options": {
      "Package": "futile.options",
      "Version": "1.0.1",
      "Source": "Repository",
      "Repository": "CRAN",
      "Hash": "0d9bf02413ddc2bbe8da9ce369dcdd2b"
    },
    "genefilter": {
      "Package": "genefilter",
      "Version": "1.74.0",
      "Source": "Bioconductor",
      "Hash": "2809a814fa16e99a9fe2be360020ad26"
    },
    "generics": {
      "Package": "generics",
      "Version": "0.1.0",
      "Source": "Repository",
      "Repository": "CRAN",
      "Hash": "4d243a9c10b00589889fe32314ffd902"
    },
    "ggcyto": {
      "Package": "ggcyto",
      "Version": "1.20.0",
      "Source": "Bioconductor",
      "Hash": "74dfefcad97fdec2ae6167f656b427a8"
    },
    "ggforce": {
      "Package": "ggforce",
      "Version": "0.3.3",
      "Source": "Repository",
      "Repository": "CRAN",
      "Hash": "4c64a588b497f8c088e1d308ddd40bc6"
    },
    "ggnewscale": {
      "Package": "ggnewscale",
      "Version": "0.4.5",
      "Source": "Repository",
      "Repository": "CRAN",
      "Hash": "5d2d9029aa89360eb283e3d10ab8bf42"
    },
    "ggplot2": {
      "Package": "ggplot2",
      "Version": "3.3.5",
      "Source": "Repository",
      "Repository": "CRAN",
      "Hash": "d7566c471c7b17e095dd023b9ef155ad"
    },
    "ggpointdensity": {
      "Package": "ggpointdensity",
      "Version": "0.1.0",
      "Source": "Repository",
      "Repository": "CRAN",
      "Hash": "8868788d373ea767189d8a5436416e30"
    },
    "ggpubr": {
      "Package": "ggpubr",
      "Version": "0.4.0",
      "Source": "Repository",
      "Repository": "CRAN",
      "Hash": "77089557d374c69db7cb77e65f0d6ab0"
    },
    "ggrepel": {
      "Package": "ggrepel",
      "Version": "0.9.1",
      "Source": "Repository",
      "Repository": "CRAN",
      "Hash": "08ab869f37e6a7741a64ab9069bcb67d"
    },
    "ggridges": {
      "Package": "ggridges",
      "Version": "0.5.3",
      "Source": "Repository",
      "Repository": "CRAN",
      "Hash": "9d028e8f37c84dba356ce3c367a1978e"
    },
    "ggsci": {
      "Package": "ggsci",
      "Version": "2.9",
      "Source": "Repository",
      "Repository": "CRAN",
      "Hash": "81ccb8213ed592598210afd10c3a5936"
    },
    "ggsignif": {
      "Package": "ggsignif",
      "Version": "0.6.3",
      "Source": "Repository",
      "Repository": "CRAN",
      "Hash": "2e82e829a1c4a6c5d41921c177051e85"
    },
    "glue": {
      "Package": "glue",
      "Version": "1.4.2",
      "Source": "Repository",
      "Repository": "CRAN",
      "Hash": "6efd734b14c6471cfe443345f3e35e29"
    },
    "graph": {
      "Package": "graph",
      "Version": "1.70.0",
      "Source": "Bioconductor",
      "Hash": "959c5ec255150e48b198d57ffd2d375e"
    },
    "gridExtra": {
      "Package": "gridExtra",
      "Version": "2.3",
      "Source": "Repository",
      "Repository": "CRAN",
      "Hash": "7d7f283939f563670a697165b2cf5560"
    },
    "gtable": {
      "Package": "gtable",
      "Version": "0.3.0",
      "Source": "Repository",
      "Repository": "CRAN",
      "Hash": "ac5c6baf7822ce8732b343f14c072c4d"
    },
    "gtools": {
      "Package": "gtools",
      "Version": "3.9.2",
      "Source": "Repository",
      "Repository": "CRAN",
      "Hash": "2ace6c4a06297d0b364e0444384a2b82"
    },
    "haven": {
      "Package": "haven",
      "Version": "2.4.3",
      "Source": "Repository",
      "Repository": "CRAN",
      "Hash": "10bec8a8264f3eb59531e8c4c0303f96"
    },
    "hdrcde": {
      "Package": "hdrcde",
      "Version": "3.4",
      "Source": "Repository",
      "Repository": "CRAN",
      "Hash": "969fb6dd6d4c27d849b92098e33293f0"
    },
    "hexbin": {
      "Package": "hexbin",
      "Version": "1.28.2",
      "Source": "Repository",
      "Repository": "CRAN",
      "Hash": "76314b69dc54f8c14204063a2fd6d74a"
    },
    "highr": {
      "Package": "highr",
      "Version": "0.9",
      "Source": "Repository",
      "Repository": "CRAN",
      "Hash": "8eb36c8125038e648e5d111c0d7b2ed4"
    },
    "hms": {
      "Package": "hms",
      "Version": "1.1.0",
      "Source": "Repository",
      "Repository": "CRAN",
      "Hash": "e4bf161ccb74a2c1c0e8ac63bbe332b4"
    },
    "htmltools": {
      "Package": "htmltools",
      "Version": "0.5.2",
      "Source": "Repository",
      "Repository": "CRAN",
      "Hash": "526c484233f42522278ab06fb185cb26"
    },
    "httr": {
      "Package": "httr",
      "Version": "1.4.2",
      "Source": "Repository",
      "Repository": "CRAN",
      "Hash": "a525aba14184fec243f9eaec62fbed43"
    },
    "igraph": {
      "Package": "igraph",
      "Version": "1.2.6",
      "Source": "Repository",
      "Repository": "CRAN",
      "Hash": "7b1f856410253d56ea67ad808f7cdff6"
    },
    "irlba": {
      "Package": "irlba",
      "Version": "2.3.3",
      "Source": "Repository",
      "Repository": "CRAN",
      "Hash": "a9ad517358000d57022401ef18ee657a"
    },
    "isoband": {
      "Package": "isoband",
      "Version": "0.2.5",
      "Source": "Repository",
      "Repository": "CRAN",
      "Hash": "7ab57a6de7f48a8dc84910d1eca42883"
    },
    "jpeg": {
      "Package": "jpeg",
      "Version": "0.1-9",
      "Source": "Repository",
      "Repository": "CRAN",
      "Hash": "441ee36360a57b363f4fa3df0c364630"
    },
    "jquerylib": {
      "Package": "jquerylib",
      "Version": "0.1.4",
      "Source": "Repository",
      "Repository": "CRAN",
      "Hash": "5aab57a3bd297eee1c1d862735972182"
    },
    "jsonlite": {
      "Package": "jsonlite",
      "Version": "1.7.2",
      "Source": "Repository",
      "Repository": "CRAN",
      "Hash": "98138e0994d41508c7a6b84a0600cfcb"
    },
    "kernlab": {
      "Package": "kernlab",
      "Version": "0.9-29",
      "Source": "Repository",
      "Repository": "CRAN",
      "Hash": "46b2f61dadae64579e4cbe8af3c088d6"
    },
    "knitr": {
      "Package": "knitr",
      "Version": "1.34",
      "Source": "Repository",
      "Repository": "CRAN",
      "Hash": "aa958054ac6f0360926bb952ea302f0f"
    },
    "kohonen": {
      "Package": "kohonen",
      "Version": "3.0.10",
      "Source": "Repository",
      "Repository": "CRAN",
      "Hash": "45d0f2fa9011c5f1980d85820c1b2a67"
    },
    "ks": {
      "Package": "ks",
      "Version": "1.13.2",
      "Source": "Repository",
      "Repository": "CRAN",
      "Hash": "9c895cd8f7c940fcd8f4e46236c759b0"
    },
    "labeling": {
      "Package": "labeling",
      "Version": "0.4.2",
      "Source": "Repository",
      "Repository": "CRAN",
      "Hash": "3d5108641f47470611a32d0bdf357a72"
    },
    "lambda.r": {
      "Package": "lambda.r",
      "Version": "1.2.4",
      "Source": "Repository",
      "Repository": "CRAN",
      "Hash": "b1e925c4b9ffeb901bacf812cbe9a6ad"
    },
    "lattice": {
      "Package": "lattice",
      "Version": "0.20-45",
      "Source": "Repository",
      "Repository": "CRAN",
      "Hash": "b64cdbb2b340437c4ee047a1f4c4377b"
    },
    "latticeExtra": {
      "Package": "latticeExtra",
      "Version": "0.6-30",
      "Source": "Repository",
      "Repository": "R-Forge",
      "Hash": "936e0c2bb1d41aad5d03d1bda5d2b3ee"
    },
    "lifecycle": {
      "Package": "lifecycle",
      "Version": "1.0.1",
      "Source": "Repository",
      "Repository": "CRAN",
      "Hash": "a6b6d352e3ed897373ab19d8395c98d0"
    },
    "limma": {
      "Package": "limma",
      "Version": "3.48.3",
      "Source": "Bioconductor",
      "Hash": "61010acc75a8ef2e7e08eb907d9a551c"
    },
    "lme4": {
      "Package": "lme4",
      "Version": "1.1-27.1",
      "Source": "Repository",
      "Repository": "CRAN",
      "Hash": "c995b0405ce0894d6fe52b3e08ea9085"
    },
    "locfit": {
      "Package": "locfit",
      "Version": "1.5-9.4",
      "Source": "Repository",
      "Repository": "CRAN",
      "Hash": "760b5b542e8435237d1b3c253bfe18e7"
    },
    "magrittr": {
      "Package": "magrittr",
      "Version": "2.0.1",
      "Source": "Repository",
      "Repository": "CRAN",
      "Hash": "41287f1ac7d28a92f0a286ed507928d3"
    },
    "maptools": {
      "Package": "maptools",
      "Version": "1.1-2",
      "Source": "Repository",
      "Repository": "CRAN",
      "Hash": "41e7097a7a02db986344eeca0d8a49ac"
    },
    "matrixStats": {
      "Package": "matrixStats",
      "Version": "0.61.0",
      "Source": "Repository",
      "Repository": "CRAN",
      "Hash": "b8e6221fc11247b12ab1b055a6f66c27"
    },
    "mclust": {
      "Package": "mclust",
      "Version": "5.4.7",
      "Source": "Repository",
      "Repository": "CRAN",
      "Hash": "94d378428bc227483a83ab1de21dce41"
    },
    "memoise": {
      "Package": "memoise",
      "Version": "2.0.0",
      "Source": "Repository",
      "Repository": "CRAN",
      "Hash": "a0bc51650201a56d00a4798523cc91b3"
    },
    "mgcv": {
      "Package": "mgcv",
      "Version": "1.8-37",
      "Source": "Repository",
      "Repository": "CRAN",
      "Hash": "42ee1ee3259845fd07819f58022a3532"
    },
    "mime": {
      "Package": "mime",
      "Version": "0.11",
      "Source": "Repository",
      "Repository": "CRAN",
      "Hash": "8974a907200fc9948d636fe7d85ca9fb"
    },
    "minqa": {
      "Package": "minqa",
      "Version": "1.2.4",
      "Source": "Repository",
      "Repository": "CRAN",
      "Hash": "eaee7d2a6f3ed4491df868611cb064cc"
    },
    "misc3d": {
      "Package": "misc3d",
      "Version": "0.9-0",
      "Source": "Repository",
      "Repository": "CRAN",
      "Hash": "a4540e756faacd9167feb536819e74a7"
    },
    "mnormt": {
      "Package": "mnormt",
      "Version": "2.0.2",
      "Source": "Repository",
      "Repository": "CRAN",
      "Hash": "7e6ee68a01d6c87c69087d4a250ee763"
    },
    "multicool": {
      "Package": "multicool",
      "Version": "0.1-12",
      "Source": "Repository",
      "Repository": "CRAN",
      "Hash": "d6b51bd5b30b1c58052fd70488f318e6"
    },
    "munsell": {
      "Package": "munsell",
      "Version": "0.5.0",
      "Source": "Repository",
      "Repository": "CRAN",
      "Hash": "6dfe8bf774944bd5595785e3229d8771"
    },
    "mvtnorm": {
      "Package": "mvtnorm",
      "Version": "1.1-2",
      "Source": "Repository",
      "Repository": "CRAN",
      "Hash": "6f0133c3842aef0394dbd844a21d3f5f"
    },
    "ncdfFlow": {
      "Package": "ncdfFlow",
      "Version": "2.38.0",
      "Source": "Bioconductor",
      "Hash": "6351955f86a539b2b45d000c141df427"
    },
    "nlme": {
      "Package": "nlme",
      "Version": "3.1-153",
      "Source": "Repository",
      "Repository": "CRAN",
      "Hash": "2d632e0d963a653a0329756ce701ecdd"
    },
    "nloptr": {
      "Package": "nloptr",
      "Version": "1.2.2.2",
      "Source": "Repository",
      "Repository": "CRAN",
      "Hash": "2737faeee353704efec5afa1e943dd64"
    },
    "nnet": {
      "Package": "nnet",
      "Version": "7.3-16",
      "Source": "Repository",
      "Repository": "CRAN",
      "Hash": "3a3dc184000bc9e6c145c4dbde4dd702"
    },
    "numDeriv": {
      "Package": "numDeriv",
      "Version": "2020.2-1",
      "Source": "Repository",
      "Repository": "R-Forge",
      "Hash": "ff23a77f7f93dc8425d1734bce20a8ec"
    },
    "openCyto": {
      "Package": "openCyto",
      "Version": "2.4.0",
      "Source": "Bioconductor",
      "Hash": "2b38c3f7ed0c2a92c1cc03bcb9354f7a"
    },
    "openssl": {
      "Package": "openssl",
      "Version": "1.4.5",
      "Source": "Repository",
      "Repository": "CRAN",
      "Hash": "5406fd37ef0bf9b88c8a4f264d6ec220"
    },
    "openxlsx": {
      "Package": "openxlsx",
      "Version": "4.2.4",
      "Source": "Repository",
      "Repository": "CRAN",
      "Hash": "f1b1ca1254ccb485dccc9c0dc65a2c36"
    },
    "outliers": {
      "Package": "outliers",
      "Version": "0.14",
      "Source": "Repository",
      "Repository": "CRAN",
      "Hash": "f6322b38ea06f3cfdaeeaaae6b17653a"
    },
    "pbkrtest": {
      "Package": "pbkrtest",
      "Version": "0.5.1",
      "Source": "Repository",
      "Repository": "CRAN",
      "Hash": "b304ff5955f37b48bd30518faf582929"
    },
    "pcaPP": {
      "Package": "pcaPP",
      "Version": "1.9-74",
      "Source": "Repository",
      "Repository": "CRAN",
      "Hash": "837a1ed779730048dead15f31c00b359"
    },
    "pheatmap": {
      "Package": "pheatmap",
      "Version": "1.0.12",
      "Source": "Repository",
      "Repository": "CRAN",
      "Hash": "db1fb0021811b6693741325bbe916e58"
    },
    "pillar": {
      "Package": "pillar",
      "Version": "1.6.2",
      "Source": "Repository",
      "Repository": "CRAN",
      "Hash": "43f228eb4b49093d1c8a5c93cae9efe9"
    },
    "pkgconfig": {
      "Package": "pkgconfig",
      "Version": "2.0.3",
      "Source": "Repository",
      "Repository": "CRAN",
      "Hash": "01f28d4278f15c76cddbea05899c5d6f"
    },
    "pkgload": {
      "Package": "pkgload",
      "Version": "1.2.2",
      "Source": "Repository",
      "Repository": "CRAN",
      "Hash": "53139eedf68b98eecd5289664969c3f2"
    },
    "plogr": {
      "Package": "plogr",
      "Version": "0.2.0",
      "Source": "Repository",
      "Repository": "CRAN",
      "Hash": "09eb987710984fc2905c7129c7d85e65"
    },
    "plot3D": {
      "Package": "plot3D",
      "Version": "1.4",
      "Source": "Repository",
      "Repository": "CRAN",
      "Hash": "092e8bfd36dc747184cb56e4686f0cd3"
    },
    "plyr": {
      "Package": "plyr",
      "Version": "1.8.6",
      "Source": "Repository",
      "Repository": "CRAN",
      "Hash": "ec0e5ab4e5f851f6ef32cd1d1984957f"
    },
    "png": {
      "Package": "png",
      "Version": "0.1-7",
      "Source": "Repository",
      "Repository": "CRAN",
      "Hash": "03b7076c234cb3331288919983326c55"
    },
    "polyclip": {
      "Package": "polyclip",
      "Version": "1.10-0",
      "Source": "Repository",
      "Repository": "CRAN",
      "Hash": "cb167f328b3ada4ec5cf67a7df4c900a"
    },
    "polynom": {
      "Package": "polynom",
      "Version": "1.4-0",
      "Source": "Repository",
      "Repository": "CRAN",
      "Hash": "c396592ecfe9e75cee1013533efafe34"
    },
    "pracma": {
      "Package": "pracma",
      "Version": "2.3.5",
      "Source": "Repository",
      "Repository": "R-Forge",
      "Hash": "82db2c2ef4c71137a23bc433c2994164"
    },
    "praise": {
      "Package": "praise",
      "Version": "1.0.0",
      "Source": "Repository",
      "Repository": "CRAN",
      "Hash": "a555924add98c99d2f411e37e7d25e9f"
    },
    "prettyunits": {
      "Package": "prettyunits",
      "Version": "1.1.1",
      "Source": "Repository",
      "Repository": "CRAN",
      "Hash": "95ef9167b75dde9d2ccc3c7528393e7e"
    },
    "processx": {
      "Package": "processx",
      "Version": "3.5.2",
      "Source": "Repository",
      "Repository": "CRAN",
      "Hash": "0cbca2bc4d16525d009c4dbba156b37c"
    },
    "progress": {
      "Package": "progress",
      "Version": "1.2.2",
      "Source": "Repository",
      "Repository": "CRAN",
      "Hash": "14dc9f7a3c91ebb14ec5bb9208a07061"
    },
    "ps": {
      "Package": "ps",
      "Version": "1.6.0",
      "Source": "Repository",
      "Repository": "CRAN",
      "Hash": "32620e2001c1dce1af49c49dccbb9420"
    },
    "purrr": {
      "Package": "purrr",
      "Version": "0.3.4",
      "Source": "Repository",
      "Repository": "CRAN",
      "Hash": "97def703420c8ab10d8f0e6c72101e02"
    },
    "quantreg": {
      "Package": "quantreg",
      "Version": "5.86",
      "Source": "Repository",
      "Repository": "CRAN",
      "Hash": "28692dfa3efea8e19d29347d05f5a489"
    },
    "rainbow": {
      "Package": "rainbow",
      "Version": "3.6",
      "Source": "Repository",
      "Repository": "CRAN",
      "Hash": "aa9e6fe999d7c41f2b69c2bd3cf33f40"
    },
    "readr": {
      "Package": "readr",
      "Version": "2.0.1",
      "Source": "Repository",
      "Repository": "CRAN",
      "Hash": "34807ea4fb5900386ddef904eef8bdb8"
    },
    "readxl": {
      "Package": "readxl",
      "Version": "1.3.1",
      "Source": "Repository",
      "Repository": "CRAN",
      "Hash": "63537c483c2dbec8d9e3183b3735254a"
    },
    "rematch": {
      "Package": "rematch",
      "Version": "1.0.1",
      "Source": "Repository",
      "Repository": "CRAN",
      "Hash": "c66b930d20bb6d858cd18e1cebcfae5c"
    },
    "rematch2": {
      "Package": "rematch2",
      "Version": "2.1.2",
      "Source": "Repository",
      "Repository": "CRAN",
      "Hash": "76c9e04c712a05848ae7a23d2f170a40"
    },
    "renv": {
      "Package": "renv",
      "Version": "0.14.0",
      "Source": "Repository",
      "Repository": "CRAN",
      "Hash": "30e5eba91b67f7f4d75d31de14bbfbdc"
    },
    "rio": {
      "Package": "rio",
      "Version": "0.5.27",
      "Source": "Repository",
      "Repository": "CRAN",
      "Hash": "18f47d9adafc32abd3d0f450036f739e"
    },
    "rlang": {
      "Package": "rlang",
      "Version": "0.4.11",
      "Source": "Repository",
      "Repository": "CRAN",
      "Hash": "515f341d3affe0de9e4a7f762efb0456"
    },
    "rmarkdown": {
      "Package": "rmarkdown",
      "Version": "2.11",
      "Source": "Repository",
      "Repository": "CRAN",
      "Hash": "320017b52d05a943981272b295750388"
    },
    "robustbase": {
      "Package": "robustbase",
      "Version": "0.93-9",
      "Source": "Repository",
      "Repository": "R-Forge",
      "Hash": "e7b310bebca9aca51848b0a366a427cf"
    },
    "rprojroot": {
      "Package": "rprojroot",
      "Version": "2.0.2",
      "Source": "Repository",
      "Repository": "CRAN",
      "Hash": "249d8cd1e74a8f6a26194a91b47f21d1"
    },
    "rrcov": {
      "Package": "rrcov",
      "Version": "1.6-0",
      "Source": "Repository",
      "Repository": "CRAN",
      "Hash": "2c84a58e990d66cf1e6cbf7c2b6e7ea0"
    },
    "rstatix": {
      "Package": "rstatix",
      "Version": "0.7.0",
      "Source": "Repository",
      "Repository": "CRAN",
      "Hash": "aa020f8efde649badd0b2b5456e942fe"
    },
    "rstudioapi": {
      "Package": "rstudioapi",
      "Version": "0.13",
      "Source": "Repository",
      "Repository": "CRAN",
      "Hash": "06c85365a03fdaf699966cc1d3cf53ea"
    },
    "scales": {
      "Package": "scales",
      "Version": "1.1.1",
      "Source": "Repository",
      "Repository": "CRAN",
      "Hash": "6f76f71042411426ec8df6c54f34e6dd"
    },
    "scattermore": {
      "Package": "scattermore",
      "Version": "0.7",
      "Source": "Repository",
      "Repository": "CRAN",
      "Hash": "373eb417aadd7c7f35861953f3fe3deb"
    },
    "sitmo": {
      "Package": "sitmo",
      "Version": "2.0.1",
      "Source": "Repository",
      "Repository": "CRAN",
      "Hash": "0f9ba299f2385e686745b066c6d7a7c4"
    },
    "snow": {
      "Package": "snow",
      "Version": "0.4-3",
      "Source": "Repository",
      "Repository": "CRAN",
      "Hash": "11b822ad6214111a4188d5e5fd1b144c"
    },
    "sp": {
      "Package": "sp",
      "Version": "1.4-5",
      "Source": "Repository",
      "Repository": "CRAN",
      "Hash": "dfd843ee98246cf932823acf613b05dd"
    },
    "stringi": {
      "Package": "stringi",
      "Version": "1.7.4",
      "Source": "Repository",
      "Repository": "CRAN",
      "Hash": "ebaccb577da50829a3bb1b8296f318a5"
    },
    "stringr": {
      "Package": "stringr",
      "Version": "1.4.0",
      "Source": "Repository",
      "Repository": "CRAN",
      "Hash": "0759e6b6c0957edb1311028a49a35e76"
    },
    "survival": {
      "Package": "survival",
      "Version": "3.2-13",
      "Source": "Repository",
      "Repository": "CRAN",
      "Hash": "6f0a0fadc63bc6570fe172770f15bbc4"
    },
    "sva": {
      "Package": "sva",
      "Version": "3.40.0",
      "Source": "Bioconductor",
      "Hash": "d81442df561772563d41c866c6e72cc0"
    },
    "sys": {
      "Package": "sys",
      "Version": "3.4",
      "Source": "Repository",
      "Repository": "CRAN",
      "Hash": "b227d13e29222b4574486cfcbde077fa"
    },
    "testthat": {
      "Package": "testthat",
      "Version": "3.0.4",
      "Source": "Repository",
      "Repository": "CRAN",
      "Hash": "575216c9946ca70016c3ffb9c31709ba"
    },
    "tibble": {
      "Package": "tibble",
      "Version": "3.1.4",
      "Source": "Repository",
      "Repository": "CRAN",
      "Hash": "5e8ad5621e5c94b24ec07b88eee13df8"
    },
    "tidyr": {
      "Package": "tidyr",
      "Version": "1.1.3",
      "Source": "Repository",
      "Repository": "CRAN",
      "Hash": "450d7dfaedde58e28586b854eeece4fa"
    },
    "tidyselect": {
      "Package": "tidyselect",
      "Version": "1.1.1",
      "Source": "Repository",
      "Repository": "CRAN",
      "Hash": "7243004a708d06d4716717fa1ff5b2fe"
    },
    "tinytex": {
      "Package": "tinytex",
      "Version": "0.33",
      "Source": "Repository",
      "Repository": "CRAN",
      "Hash": "6e0ad90ac5669e35d5456cb61b295acb"
    },
    "tmvnsim": {
      "Package": "tmvnsim",
      "Version": "1.0-2",
      "Source": "Repository",
      "Repository": "CRAN",
      "Hash": "50470c7ed0cc8099cbc17b38f0ef621f"
    },
    "tweenr": {
      "Package": "tweenr",
      "Version": "1.0.2",
      "Source": "Repository",
      "Repository": "CRAN",
      "Hash": "6cc663f970a529dbf776f11d5bcd1a2e"
    },
    "tzdb": {
      "Package": "tzdb",
      "Version": "0.1.2",
      "Source": "Repository",
      "Repository": "CRAN",
      "Hash": "fb2b801053decce71295bb8cb04d438b"
    },
    "utf8": {
      "Package": "utf8",
      "Version": "1.2.2",
      "Source": "Repository",
      "Repository": "CRAN",
      "Hash": "c9c462b759a5cc844ae25b5942654d13"
    },
    "uwot": {
      "Package": "uwot",
      "Version": "0.1.10",
      "Source": "Repository",
      "Repository": "CRAN",
      "Hash": "a9737c75f5f949695617b05e78281b2f"
    },
    "vctrs": {
      "Package": "vctrs",
      "Version": "0.3.8",
      "Source": "Repository",
      "Repository": "CRAN",
      "Hash": "ecf749a1b39ea72bd9b51b76292261f1"
    },
    "viridis": {
      "Package": "viridis",
      "Version": "0.6.1",
      "Source": "Repository",
      "Repository": "CRAN",
      "Hash": "424d1285b7372d39806abb19467e4df4"
    },
    "viridisLite": {
      "Package": "viridisLite",
      "Version": "0.4.0",
      "Source": "Repository",
      "Repository": "CRAN",
      "Hash": "55e157e2aa88161bdb0754218470d204"
    },
    "vroom": {
      "Package": "vroom",
      "Version": "1.5.5",
      "Source": "Repository",
      "Repository": "CRAN",
      "Hash": "9c3b3a3f947c7936cea7485349247e5b"
    },
    "waldo": {
      "Package": "waldo",
      "Version": "0.3.1",
      "Source": "Repository",
      "Repository": "CRAN",
      "Hash": "ad8cfff5694ac5b3c354f8f2044bd976"
    },
    "withr": {
      "Package": "withr",
      "Version": "2.4.2",
      "Source": "Repository",
      "Repository": "CRAN",
      "Hash": "ad03909b44677f930fa156d47d7a3aeb"
    },
    "xfun": {
      "Package": "xfun",
      "Version": "0.26",
      "Source": "Repository",
      "Repository": "CRAN",
      "Hash": "a270216f7ffda25e53298293046d1d05"
    },
    "xml2": {
      "Package": "xml2",
      "Version": "1.3.2",
      "Source": "Repository",
      "Repository": "CRAN",
      "Hash": "d4d71a75dd3ea9eb5fa28cc21f9585e2"
    },
    "xtable": {
      "Package": "xtable",
      "Version": "1.8-6",
      "Source": "Repository",
      "Repository": "R-Forge",
      "Hash": "1c0fd518eb1e4a9055f212aa6e9b1eb8"
    },
    "yaml": {
      "Package": "yaml",
      "Version": "2.2.1",
      "Source": "Repository",
      "Repository": "CRAN",
      "Hash": "2826c5d9efb0a88f657c7a679c7106db"
    },
    "zip": {
      "Package": "zip",
      "Version": "2.2.0",
      "Source": "Repository",
      "Repository": "CRAN",
      "Hash": "c7eef2996ac270a18c2715c997a727c5"
    },
    "zlibbioc": {
      "Package": "zlibbioc",
      "Version": "1.38.0",
      "Source": "Bioconductor",
      "Hash": "fb9cf082f0e3c89e05a720003fa94450"
    }
  }
}
